
Microsoft Visual Studio Solution File, Format Version 12.00
# Visual Studio Version 17
VisualStudioVersion = 17.6.33717.318
MinimumVisualStudioVersion = 10.0.40219.1
Project("{FAE04EC0-301F-11D3-BF4B-00C04F79EFBC}") = "Parking", "Parking\Parking.csproj", "{C78A86F1-6EF1-4146-A02B-8489EE20D751}"
EndProject
Project("{FAE04EC0-301F-11D3-BF4B-00C04F79EFBC}") = "Park.Repository", "Park.Repository\Park.Repository.csproj", "{621B3406-CCEC-4CE2-B935-26572270957F}"
EndProject
Project("{FAE04EC0-301F-11D3-BF4B-00C04F79EFBC}") = "Park.Business", "Park.Business\Park.Business.csproj", "{F83A58E5-970C-4EB3-BF61-5BA09757EA47}"
EndProject
Project("{FAE04EC0-301F-11D3-BF4B-00C04F79EFBC}") = "Library", "Library\Library.csproj", "{1A23A9D9-5BF7-4677-B1D3-B9E104DFE2F1}"
EndProject
Global
	GlobalSection(SolutionConfigurationPlatforms) = preSolution
		Debug|Any CPU = Debug|Any CPU
		Release|Any CPU = Release|Any CPU
	EndGlobalSection
	GlobalSection(ProjectConfigurationPlatforms) = postSolution
		{C78A86F1-6EF1-4146-A02B-8489EE20D751}.Debug|Any CPU.ActiveCfg = Debug|Any CPU
		{C78A86F1-6EF1-4146-A02B-8489EE20D751}.Debug|Any CPU.Build.0 = Debug|Any CPU
		{C78A86F1-6EF1-4146-A02B-8489EE20D751}.Release|Any CPU.ActiveCfg = Release|Any CPU
		{C78A86F1-6EF1-4146-A02B-8489EE20D751}.Release|Any CPU.Build.0 = Release|Any CPU
		{621B3406-CCEC-4CE2-B935-26572270957F}.Debug|Any CPU.ActiveCfg = Debug|Any CPU
		{621B3406-CCEC-4CE2-B935-26572270957F}.Debug|Any CPU.Build.0 = Debug|Any CPU
		{621B3406-CCEC-4CE2-B935-26572270957F}.Release|Any CPU.ActiveCfg = Release|Any CPU
		{621B3406-CCEC-4CE2-B935-26572270957F}.Release|Any CPU.Build.0 = Release|Any CPU
		{F83A58E5-970C-4EB3-BF61-5BA09757EA47}.Debug|Any CPU.ActiveCfg = Debug|Any CPU
		{F83A58E5-970C-4EB3-BF61-5BA09757EA47}.Debug|Any CPU.Build.0 = Debug|Any CPU
		{F83A58E5-970C-4EB3-BF61-5BA09757EA47}.Release|Any CPU.ActiveCfg = Release|Any CPU
		{F83A58E5-970C-4EB3-BF61-5BA09757EA47}.Release|Any CPU.Build.0 = Release|Any CPU
		{1A23A9D9-5BF7-4677-B1D3-B9E104DFE2F1}.Debug|Any CPU.ActiveCfg = Debug|Any CPU
		{1A23A9D9-5BF7-4677-B1D3-B9E104DFE2F1}.Debug|Any CPU.Build.0 = Debug|Any CPU
		{1A23A9D9-5BF7-4677-B1D3-B9E104DFE2F1}.Release|Any CPU.ActiveCfg = Release|Any CPU
		{1A23A9D9-5BF7-4677-B1D3-B9E104DFE2F1}.Release|Any CPU.Build.0 = Release|Any CPU
	EndGlobalSection
	GlobalSection(SolutionProperties) = preSolution
		HideSolutionNode = FALSE
	EndGlobalSection
	GlobalSection(ExtensibilityGlobals) = postSolution
		SolutionGuid = {11CAAB4E-B832-4E14-9028-A9E12D44D081}
	EndGlobalSection
EndGlobal
